{
  "pins" : [
    {
      "identity" : "spearfoundation",
      "kind" : "remoteSourceControl",
      "location" : "https://github.com/kraigspear/Spearfoundation.git",
      "state" : {
        "revision" : "beaa132d9a14c56671e8f7a972c3322ab57a52e7",
        "version" : "2.0.1"
      }
    }
  ],
  "version" : 2
}
