{
  "pins" : [
    {
      "identity" : "spearfoundation",
      "kind" : "remoteSourceControl",
      "location" : "https://github.com/kraigspear/Spearfoundation.git",
      "state" : {
        "branch" : "main",
        "revision" : "3b0af6331db07c3af5bb3d885d9261dbe64cb362"
      }
    }
  ],
  "version" : 2
}
